
Microsoft Visual Studio Solution File, Format Version 12.00
# Visual Studio 15
VisualStudioVersion = 15.0.28307.136
MinimumVisualStudioVersion = 10.0.40219.1
Project("{FAE04EC0-301F-11D3-BF4B-00C04F79EFBC}") = "网页刷新工具", "网页刷新工具\网页刷新工具.csproj", "{FC017D43-B29C-42CB-80BB-4395541EEC79}"
EndProject
Global
	GlobalSection(SolutionConfigurationPlatforms) = preSolution
		Debug|Any CPU = Debug|Any CPU
		Release|Any CPU = Release|Any CPU
	EndGlobalSection
	GlobalSection(ProjectConfigurationPlatforms) = postSolution
		{FC017D43-B29C-42CB-80BB-4395541EEC79}.Debug|Any CPU.ActiveCfg = Debug|Any CPU
		{FC017D43-B29C-42CB-80BB-4395541EEC79}.Debug|Any CPU.Build.0 = Debug|Any CPU
		{FC017D43-B29C-42CB-80BB-4395541EEC79}.Release|Any CPU.ActiveCfg = Release|Any CPU
		{FC017D43-B29C-42CB-80BB-4395541EEC79}.Release|Any CPU.Build.0 = Release|Any CPU
	EndGlobalSection
	GlobalSection(SolutionProperties) = preSolution
		HideSolutionNode = FALSE
	EndGlobalSection
	GlobalSection(ExtensibilityGlobals) = postSolution
		SolutionGuid = {C608DE9A-36B2-4711-9420-C9E5960FB12F}
	EndGlobalSection
EndGlobal
